
Microsoft Visual Studio Solution File, Format Version 12.00
# Visual Studio Version 17
VisualStudioVersion = 17.14.36301.6
MinimumVisualStudioVersion = 10.0.40219.1
Project("{FAE04EC0-301F-11D3-BF4B-00C04F79EFBC}") = "CompressionProject", "CompressionProject.csproj", "{BE67F6F5-0873-4909-AC5F-C78373A5DB89}"
EndProject
Global
	GlobalSection(SolutionConfigurationPlatforms) = preSolution
		Debug|Any CPU = Debug|Any CPU
		Release|Any CPU = Release|Any CPU
	EndGlobalSection
	GlobalSection(ProjectConfigurationPlatforms) = postSolution
		{BE67F6F5-0873-4909-AC5F-C78373A5DB89}.Debug|Any CPU.ActiveCfg = Debug|Any CPU
		{BE67F6F5-0873-4909-AC5F-C78373A5DB89}.Debug|Any CPU.Build.0 = Debug|Any CPU
		{BE67F6F5-0873-4909-AC5F-C78373A5DB89}.Release|Any CPU.ActiveCfg = Release|Any CPU
		{BE67F6F5-0873-4909-AC5F-C78373A5DB89}.Release|Any CPU.Build.0 = Release|Any CPU
	EndGlobalSection
	GlobalSection(SolutionProperties) = preSolution
		HideSolutionNode = FALSE
	EndGlobalSection
	GlobalSection(ExtensibilityGlobals) = postSolution
		SolutionGuid = {F146D1FC-7FFA-4168-8DA3-5CA57B323891}
	EndGlobalSection
EndGlobal
